// !$*UTF8*$!
{
	archiveVersion = 1;
	classes = {
	};
	objectVersion = 77;
	objects = {

/* Begin PBXContainerItemProxy section */
		1983C01C2E9176F000513628 /* PBXContainerItemProxy */ = {
			isa = PBXContainerItemProxy;
			containerPortal = 1983C0022E9176EF00513628 /* Project object */;
			proxyType = 1;
			remoteGlobalIDString = 1983C0092E9176EF00513628;
			remoteInfo = Sort10.4;
		};
		1983C0262E9176F000513628 /* PBXContainerItemProxy */ = {
			isa = PBXContainerItemProxy;
			containerPortal = 1983C0022E9176EF00513628 /* Project object */;
			proxyType = 1;
			remoteGlobalIDString = 1983C0092E9176EF00513628;
			remoteInfo = Sort10.4;
		};
/* End PBXContainerItemProxy section */

/* Begin PBXFileReference section */
		1983C00A2E9176EF00513628 /* Sort10.4.app */ = {isa = PBXFileReference; explicitFileType = wrapper.application; includeInIndex = 0; path = Sort10.4.app; sourceTree = BUILT_PRODUCTS_DIR; };
		1983C01B2E9176F000513628 /* Sort10.4Tests.xctest */ = {isa = PBXFileReference; explicitFileType = wrapper.cfbundle; includeInIndex = 0; path = Sort10.4Tests.xctest; sourceTree = BUILT_PRODUCTS_DIR; };
		1983C0252E9176F000513628 /* Sort10.4UITests.xctest */ = {isa = PBXFileReference; explicitFileType = wrapper.cfbundle; includeInIndex = 0; path = Sort10.4UITests.xctest; sourceTree = BUILT_PRODUCTS_DIR; };
/* End PBXFileReference section */

/* Begin PBXFileSystemSynchronizedRootGroup section */
		1983C00C2E9176EF00513628 /* Sort10.4 */ = {
			isa = PBXFileSystemSynchronizedRootGroup;
			path = Sort10.4;
			sourceTree = "<group>";
		};
		1983C01E2E9176F000513628 /* Sort10.4Tests */ = {
			isa = PBXFileSystemSynchronizedRootGroup;
			path = Sort10.4Tests;
			sourceTree = "<group>";
		};
		1983C0282E9176F000513628 /* Sort10.4UITests */ = {
			isa = PBXFileSystemSynchronizedRootGroup;
			path = Sort10.4UITests;
			sourceTree = "<group>";
		};
/* End PBXFileSystemSynchronizedRootGroup section */

/* Begin PBXFrameworksBuildPhase section */
		1983C0072E9176EF00513628 /* Frameworks */ = {
			isa = PBXFrameworksBuildPhase;
			buildActionMask = 2147483647;
			files = (
			);
			runOnlyForDeploymentPostprocessing = 0;
		};
		1983C0182E9176F000513628 /* Frameworks */ = {
			isa = PBXFrameworksBuildPhase;
			buildActionMask = 2147483647;
			files = (
			);
			runOnlyForDeploymentPostprocessing = 0;
		};
		1983C0222E9176F000513628 /* Frameworks */ = {
			isa = PBXFrameworksBuildPhase;
			buildActionMask = 2147483647;
			files = (
			);
			runOnlyForDeploymentPostprocessing = 0;
		};
/* End PBXFrameworksBuildPhase section */

/* Begin PBXGroup section */
		1983C0012E9176EF00513628 = {
			isa = PBXGroup;
			children = (
				1983C00C2E9176EF00513628 /* Sort10.4 */,
				1983C01E2E9176F000513628 /* Sort10.4Tests */,
				1983C0282E9176F000513628 /* Sort10.4UITests */,
				1983C00B2E9176EF00513628 /* Products */,
			);
			sourceTree = "<group>";
		};
		1983C00B2E9176EF00513628 /* Products */ = {
			isa = PBXGroup;
			children = (
				1983C00A2E9176EF00513628 /* Sort10.4.app */,
				1983C01B2E9176F000513628 /* Sort10.4Tests.xctest */,
				1983C0252E9176F000513628 /* Sort10.4UITests.xctest */,
			);
			name = Products;
			sourceTree = "<group>";
		};
/* End PBXGroup section */

/* Begin PBXNativeTarget section */
		1983C0092E9176EF00513628 /* Sort10.4 */ = {
			isa = PBXNativeTarget;
			buildConfigurationList = 1983C02F2E9176F000513628 /* Build configuration list for PBXNativeTarget "Sort10.4" */;
			buildPhases = (
				1983C0062E9176EF00513628 /* Sources */,
				1983C0072E9176EF00513628 /* Frameworks */,
				1983C0082E9176EF00513628 /* Resources */,
			);
			buildRules = (
			);
			dependencies = (
			);
			fileSystemSynchronizedGroups = (
				1983C00C2E9176EF00513628 /* Sort10.4 */,
			);
			name = Sort10.4;
			packageProductDependencies = (
			);
			productName = Sort10.4;
			productReference = 1983C00A2E9176EF00513628 /* Sort10.4.app */;
			productType = "com.apple.product-type.application";
		};
		1983C01A2E9176F000513628 /* Sort10.4Tests */ = {
			isa = PBXNativeTarget;
			buildConfigurationList = 1983C0322E9176F000513628 /* Build configuration list for PBXNativeTarget "Sort10.4Tests" */;
			buildPhases = (
				1983C0172E9176F000513628 /* Sources */,
				1983C0182E9176F000513628 /* Frameworks */,
				1983C0192E9176F000513628 /* Resources */,
			);
			buildRules = (
			);
			dependencies = (
				1983C01D2E9176F000513628 /* PBXTargetDependency */,
			);
			fileSystemSynchronizedGroups = (
				1983C01E2E9176F000513628 /* Sort10.4Tests */,
			);
			name = Sort10.4Tests;
			packageProductDependencies = (
			);
			productName = Sort10.4Tests;
			productReference = 1983C01B2E9176F000513628 /* Sort10.4Tests.xctest */;
			productType = "com.apple.product-type.bundle.unit-test";
		};
		1983C0242E9176F000513628 /* Sort10.4UITests */ = {
			isa = PBXNativeTarget;
			buildConfigurationList = 1983C0352E9176F000513628 /* Build configuration list for PBXNativeTarget "Sort10.4UITests" */;
			buildPhases = (
				1983C0212E9176F000513628 /* Sources */,
				1983C0222E9176F000513628 /* Frameworks */,
				1983C0232E9176F000513628 /* Resources */,
			);
			buildRules = (
			);
			dependencies = (
				1983C0272E9176F000513628 /* PBXTargetDependency */,
			);
			fileSystemSynchronizedGroups = (
				1983C0282E9176F000513628 /* Sort10.4UITests */,
			);
			name = Sort10.4UITests;
			packageProductDependencies = (
			);
			productName = Sort10.4UITests;
			productReference = 1983C0252E9176F000513628 /* Sort10.4UITests.xctest */;
			productType = "com.apple.product-type.bundle.ui-testing";
		};
/* End PBXNativeTarget section */

/* Begin PBXProject section */
		1983C0022E9176EF00513628 /* Project object */ = {
			isa = PBXProject;
			attributes = {
				BuildIndependentTargetsInParallel = 1;
				LastSwiftUpdateCheck = 1620;
				LastUpgradeCheck = 1620;
				TargetAttributes = {
					1983C0092E9176EF00513628 = {
						CreatedOnToolsVersion = 16.2;
					};
					1983C01A2E9176F000513628 = {
						CreatedOnToolsVersion = 16.2;
						TestTargetID = 1983C0092E9176EF00513628;
					};
					1983C0242E9176F000513628 = {
						CreatedOnToolsVersion = 16.2;
						TestTargetID = 1983C0092E9176EF00513628;
					};
				};
			};
			buildConfigurationList = 1983C0052E9176EF00513628 /* Build configuration list for PBXProject "Sort10.4" */;
			developmentRegion = en;
			hasScannedForEncodings = 0;
			knownRegions = (
				en,
				Base,
			);
			mainGroup = 1983C0012E9176EF00513628;
			minimizedProjectReferenceProxies = 1;
			preferredProjectObjectVersion = 77;
			productRefGroup = 1983C00B2E9176EF00513628 /* Products */;
			projectDirPath = "";
			projectRoot = "";
			targets = (
				1983C0092E9176EF00513628 /* Sort10.4 */,
				1983C01A2E9176F000513628 /* Sort10.4Tests */,
				1983C0242E9176F000513628 /* Sort10.4UITests */,
			);
		};
/* End PBXProject section */

/* Begin PBXResourcesBuildPhase section */
		1983C0082E9176EF00513628 /* Resources */ = {
			isa = PBXResourcesBuildPhase;
			buildActionMask = 2147483647;
			files = (
			);
			runOnlyForDeploymentPostprocessing = 0;
		};
		1983C0192E9176F000513628 /* Resources */ = {
			isa = PBXResourcesBuildPhase;
			buildActionMask = 2147483647;
			files = (
			);
			runOnlyForDeploymentPostprocessing = 0;
		};
		1983C0232E9176F000513628 /* Resources */ = {
			isa = PBXResourcesBuildPhase;
			buildActionMask = 2147483647;
			files = (
			);
			runOnlyForDeploymentPostprocessing = 0;
		};
/* End PBXResourcesBuildPhase section */

/* Begin PBXSourcesBuildPhase section */
		1983C0062E9176EF00513628 /* Sources */ = {
			isa = PBXSourcesBuildPhase;
			buildActionMask = 2147483647;
			files = (
			);
			runOnlyForDeploymentPostprocessing = 0;
		};
		1983C0172E9176F000513628 /* Sources */ = {
			isa = PBXSourcesBuildPhase;
			buildActionMask = 2147483647;
			files = (
			);
			runOnlyForDeploymentPostprocessing = 0;
		};
		1983C0212E9176F000513628 /* Sources */ = {
			isa = PBXSourcesBuildPhase;
			buildActionMask = 2147483647;
			files = (
			);
			runOnlyForDeploymentPostprocessing = 0;
		};
/* End PBXSourcesBuildPhase section */

/* Begin PBXTargetDependency section */
		1983C01D2E9176F000513628 /* PBXTargetDependency */ = {
			isa = PBXTargetDependency;
			target = 1983C0092E9176EF00513628 /* Sort10.4 */;
			targetProxy = 1983C01C2E9176F000513628 /* PBXContainerItemProxy */;
		};
		1983C0272E9176F000513628 /* PBXTargetDependency */ = {
			isa = PBXTargetDependency;
			target = 1983C0092E9176EF00513628 /* Sort10.4 */;
			targetProxy = 1983C0262E9176F000513628 /* PBXContainerItemProxy */;
		};
/* End PBXTargetDependency section */

/* Begin XCBuildConfiguration section */
		1983C02D2E9176F000513628 /* Debug */ = {
			isa = XCBuildConfiguration;
			buildSettings = {
				ALWAYS_SEARCH_USER_PATHS = NO;
				ASSETCATALOG_COMPILER_GENERATE_SWIFT_ASSET_SYMBOL_EXTENSIONS = YES;
				CLANG_ANALYZER_NONNULL = YES;
				CLANG_ANALYZER_NUMBER_OBJECT_CONVERSION = YES_AGGRESSIVE;
				CLANG_CXX_LANGUAGE_STANDARD = "gnu++20";
				CLANG_ENABLE_MODULES = YES;
				CLANG_ENABLE_OBJC_ARC = YES;
				CLANG_ENABLE_OBJC_WEAK = YES;
				CLANG_WARN_BLOCK_CAPTURE_AUTORELEASING = YES;
				CLANG_WARN_BOOL_CONVERSION = YES;
				CLANG_WARN_COMMA = YES;
				CLANG_WARN_CONSTANT_CONVERSION = YES;
				CLANG_WARN_DEPRECATED_OBJC_IMPLEMENTATIONS = YES;
				CLANG_WARN_DIRECT_OBJC_ISA_USAGE = YES_ERROR;
				CLANG_WARN_DOCUMENTATION_COMMENTS = YES;
				CLANG_WARN_EMPTY_BODY = YES;
				CLANG_WARN_ENUM_CONVERSION = YES;
				CLANG_WARN_INFINITE_RECURSION = YES;
				CLANG_WARN_INT_CONVERSION = YES;
				CLANG_WARN_NON_LITERAL_NULL_CONVERSION = YES;
				CLANG_WARN_OBJC_IMPLICIT_RETAIN_SELF = YES;
				CLANG_WARN_OBJC_LITERAL_CONVERSION = YES;
				CLANG_WARN_OBJC_ROOT_CLASS = YES_ERROR;
				CLANG_WARN_QUOTED_INCLUDE_IN_FRAMEWORK_HEADER = YES;
				CLANG_WARN_RANGE_LOOP_ANALYSIS = YES;
				CLANG_WARN_STRICT_PROTOTYPES = YES;
				CLANG_WARN_SUSPICIOUS_MOVE = YES;
				CLANG_WARN_UNGUARDED_AVAILABILITY = YES_AGGRESSIVE;
				CLANG_WARN_UNREACHABLE_CODE = YES;
				CLANG_WARN__DUPLICATE_METHOD_MATCH = YES;
				COPY_PHASE_STRIP = NO;
				DEBUG_INFORMATION_FORMAT = dwarf;
				ENABLE_STRICT_OBJC_MSGSEND = YES;
				ENABLE_TESTABILITY = YES;
				ENABLE_USER_SCRIPT_SANDBOXING = YES;
				GCC_C_LANGUAGE_STANDARD = gnu17;
				GCC_DYNAMIC_NO_PIC = NO;
				GCC_NO_COMMON_BLOCKS = YES;
				GCC_OPTIMIZATION_LEVEL = 0;
				GCC_PREPROCESSOR_DEFINITIONS = (
					"DEBUG=1",
					"$(inherited)",
				);
				GCC_WARN_64_TO_32_BIT_CONVERSION = YES;
				GCC_WARN_ABOUT_RETURN_TYPE = YES_ERROR;
				GCC_WARN_UNDECLARED_SELECTOR = YES;
				GCC_WARN_UNINITIALIZED_AUTOS = YES_AGGRESSIVE;
				GCC_WARN_UNUSED_FUNCTION = YES;
				GCC_WARN_UNUSED_VARIABLE = YES;
				LOCALIZATION_PREFERS_STRING_CATALOGS = YES;
				MACOSX_DEPLOYMENT_TARGET = 14.7;
				MTL_ENABLE_DEBUG_INFO = INCLUDE_SOURCE;
				MTL_FAST_MATH = YES;
				ONLY_ACTIVE_ARCH = YES;
				SDKROOT = macosx;
				SWIFT_ACTIVE_COMPILATION_CONDITIONS = "DEBUG $(inherited)";
				SWIFT_OPTIMIZATION_LEVEL = "-Onone";
			};
			name = Debug;
		};
		1983C02E2E9176F000513628 /* Release */ = {
			isa = XCBuildConfiguration;
			buildSettings = {
				ALWAYS_SEARCH_USER_PATHS = NO;
				ASSETCATALOG_COMPILER_GENERATE_SWIFT_ASSET_SYMBOL_EXTENSIONS = YES;
				CLANG_ANALYZER_NONNULL = YES;
				CLANG_ANALYZER_NUMBER_OBJECT_CONVERSION = YES_AGGRESSIVE;
				CLANG_CXX_LANGUAGE_STANDARD = "gnu++20";
				CLANG_ENABLE_MODULES = YES;
				CLANG_ENABLE_OBJC_ARC = YES;
				CLANG_ENABLE_OBJC_WEAK = YES;
				CLANG_WARN_BLOCK_CAPTURE_AUTORELEASING = YES;
				CLANG_WARN_BOOL_CONVERSION = YES;
				CLANG_WARN_COMMA = YES;
				CLANG_WARN_CONSTANT_CONVERSION = YES;
				CLANG_WARN_DEPRECATED_OBJC_IMPLEMENTATIONS = YES;
				CLANG_WARN_DIRECT_OBJC_ISA_USAGE = YES_ERROR;
				CLANG_WARN_DOCUMENTATION_COMMENTS = YES;
				CLANG_WARN_EMPTY_BODY = YES;
				CLANG_WARN_ENUM_CONVERSION = YES;
				CLANG_WARN_INFINITE_RECURSION = YES;
				CLANG_WARN_INT_CONVERSION = YES;
				CLANG_WARN_NON_LITERAL_NULL_CONVERSION = YES;
				CLANG_WARN_OBJC_IMPLICIT_RETAIN_SELF = YES;
				CLANG_WARN_OBJC_LITERAL_CONVERSION = YES;
				CLANG_WARN_OBJC_ROOT_CLASS = YES_ERROR;
				CLANG_WARN_QUOTED_INCLUDE_IN_FRAMEWORK_HEADER = YES;
				CLANG_WARN_RANGE_LOOP_ANALYSIS = YES;
				CLANG_WARN_STRICT_PROTOTYPES = YES;
				CLANG_WARN_SUSPICIOUS_MOVE = YES;
				CLANG_WARN_UNGUARDED_AVAILABILITY = YES_AGGRESSIVE;
				CLANG_WARN_UNREACHABLE_CODE = YES;
				CLANG_WARN__DUPLICATE_METHOD_MATCH = YES;
				COPY_PHASE_STRIP = NO;
				DEBUG_INFORMATION_FORMAT = "dwarf-with-dsym";
				ENABLE_NS_ASSERTIONS = NO;
				ENABLE_STRICT_OBJC_MSGSEND = YES;
				ENABLE_USER_SCRIPT_SANDBOXING = YES;
				GCC_C_LANGUAGE_STANDARD = gnu17;
				GCC_NO_COMMON_BLOCKS = YES;
				GCC_WARN_64_TO_32_BIT_CONVERSION = YES;
				GCC_WARN_ABOUT_RETURN_TYPE = YES_ERROR;
				GCC_WARN_UNDECLARED_SELECTOR = YES;
				GCC_WARN_UNINITIALIZED_AUTOS = YES_AGGRESSIVE;
				GCC_WARN_UNUSED_FUNCTION = YES;
				GCC_WARN_UNUSED_VARIABLE = YES;
				LOCALIZATION_PREFERS_STRING_CATALOGS = YES;
				MACOSX_DEPLOYMENT_TARGET = 14.7;
				MTL_ENABLE_DEBUG_INFO = NO;
				MTL_FAST_MATH = YES;
				SDKROOT = macosx;
				SWIFT_COMPILATION_MODE = wholemodule;
			};
			name = Release;
		};
		1983C0302E9176F000513628 /* Debug */ = {
			isa = XCBuildConfiguration;
			buildSettings = {
				ASSETCATALOG_COMPILER_APPICON_NAME = AppIcon;
				ASSETCATALOG_COMPILER_GLOBAL_ACCENT_COLOR_NAME = AccentColor;
				CODE_SIGN_ENTITLEMENTS = Sort10.4/Sort10_4.entitlements;
				CODE_SIGN_STYLE = Automatic;
				COMBINE_HIDPI_IMAGES = YES;
				CURRENT_PROJECT_VERSION = 1;
				DEVELOPMENT_ASSET_PATHS = "\"Sort10.4/Preview Content\"";
				ENABLE_PREVIEWS = YES;
				GENERATE_INFOPLIST_FILE = YES;
				INFOPLIST_KEY_NSHumanReadableCopyright = "";
				LD_RUNPATH_SEARCH_PATHS = (
					"$(inherited)",
					"@executable_path/../Frameworks",
				);
				MARKETING_VERSION = 1.0;
				PRODUCT_BUNDLE_IDENTIFIER = "SortINC..Sort10-4";
				PRODUCT_NAME = "$(TARGET_NAME)";
				SWIFT_EMIT_LOC_STRINGS = YES;
				SWIFT_VERSION = 5.0;
			};
			name = Debug;
		};
		1983C0312E9176F000513628 /* Release */ = {
			isa = XCBuildConfiguration;
			buildSettings = {
				ASSETCATALOG_COMPILER_APPICON_NAME = AppIcon;
				ASSETCATALOG_COMPILER_GLOBAL_ACCENT_COLOR_NAME = AccentColor;
				CODE_SIGN_ENTITLEMENTS = Sort10.4/Sort10_4.entitlements;
				CODE_SIGN_STYLE = Automatic;
				COMBINE_HIDPI_IMAGES = YES;
				CURRENT_PROJECT_VERSION = 1;
				DEVELOPMENT_ASSET_PATHS = "\"Sort10.4/Preview Content\"";
				ENABLE_PREVIEWS = YES;
				GENERATE_INFOPLIST_FILE = YES;
				INFOPLIST_KEY_NSHumanReadableCopyright = "";
				LD_RUNPATH_SEARCH_PATHS = (
					"$(inherited)",
					"@executable_path/../Frameworks",
				);
				MARKETING_VERSION = 1.0;
				PRODUCT_BUNDLE_IDENTIFIER = "SortINC..Sort10-4";
				PRODUCT_NAME = "$(TARGET_NAME)";
				SWIFT_EMIT_LOC_STRINGS = YES;
				SWIFT_VERSION = 5.0;
			};
			name = Release;
		};
		1983C0332E9176F000513628 /* Debug */ = {
			isa = XCBuildConfiguration;
			buildSettings = {
				BUNDLE_LOADER = "$(TEST_HOST)";
				CODE_SIGN_STYLE = Automatic;
				CURRENT_PROJECT_VERSION = 1;
				GENERATE_INFOPLIST_FILE = YES;
				MACOSX_DEPLOYMENT_TARGET = 14.7;
				MARKETING_VERSION = 1.0;
				PRODUCT_BUNDLE_IDENTIFIER = "SortINC..Sort10-4Tests";
				PRODUCT_NAME = "$(TARGET_NAME)";
				SWIFT_EMIT_LOC_STRINGS = NO;
				SWIFT_VERSION = 5.0;
				TEST_HOST = "$(BUILT_PRODUCTS_DIR)/Sort10.4.app/$(BUNDLE_EXECUTABLE_FOLDER_PATH)/Sort10.4";
			};
			name = Debug;
		};
		1983C0342E9176F000513628 /* Release */ = {
			isa = XCBuildConfiguration;
			buildSettings = {
				BUNDLE_LOADER = "$(TEST_HOST)";
				CODE_SIGN_STYLE = Automatic;
				CURRENT_PROJECT_VERSION = 1;
				GENERATE_INFOPLIST_FILE = YES;
				MACOSX_DEPLOYMENT_TARGET = 14.7;
				MARKETING_VERSION = 1.0;
				PRODUCT_BUNDLE_IDENTIFIER = "SortINC..Sort10-4Tests";
				PRODUCT_NAME = "$(TARGET_NAME)";
				SWIFT_EMIT_LOC_STRINGS = NO;
				SWIFT_VERSION = 5.0;
				TEST_HOST = "$(BUILT_PRODUCTS_DIR)/Sort10.4.app/$(BUNDLE_EXECUTABLE_FOLDER_PATH)/Sort10.4";
			};
			name = Release;
		};
		1983C0362E9176F000513628 /* Debug */ = {
			isa = XCBuildConfiguration;
			buildSettings = {
				CODE_SIGN_STYLE = Automatic;
				CURRENT_PROJECT_VERSION = 1;
				GENERATE_INFOPLIST_FILE = YES;
				MARKETING_VERSION = 1.0;
				PRODUCT_BUNDLE_IDENTIFIER = "SortINC..Sort10-4UITests";
				PRODUCT_NAME = "$(TARGET_NAME)";
				SWIFT_EMIT_LOC_STRINGS = NO;
				SWIFT_VERSION = 5.0;
				TEST_TARGET_NAME = Sort10.4;
			};
			name = Debug;
		};
		1983C0372E9176F000513628 /* Release */ = {
			isa = XCBuildConfiguration;
			buildSettings = {
				CODE_SIGN_STYLE = Automatic;
				CURRENT_PROJECT_VERSION = 1;
				GENERATE_INFOPLIST_FILE = YES;
				MARKETING_VERSION = 1.0;
				PRODUCT_BUNDLE_IDENTIFIER = "SortINC..Sort10-4UITests";
				PRODUCT_NAME = "$(TARGET_NAME)";
				SWIFT_EMIT_LOC_STRINGS = NO;
				SWIFT_VERSION = 5.0;
				TEST_TARGET_NAME = Sort10.4;
			};
			name = Release;
		};
/* End XCBuildConfiguration section */

/* Begin XCConfigurationList section */
		1983C0052E9176EF00513628 /* Build configuration list for PBXProject "Sort10.4" */ = {
			isa = XCConfigurationList;
			buildConfigurations = (
				1983C02D2E9176F000513628 /* Debug */,
				1983C02E2E9176F000513628 /* Release */,
			);
			defaultConfigurationIsVisible = 0;
			defaultConfigurationName = Release;
		};
		1983C02F2E9176F000513628 /* Build configuration list for PBXNativeTarget "Sort10.4" */ = {
			isa = XCConfigurationList;
			buildConfigurations = (
				1983C0302E9176F000513628 /* Debug */,
				1983C0312E9176F000513628 /* Release */,
			);
			defaultConfigurationIsVisible = 0;
			defaultConfigurationName = Release;
		};
		1983C0322E9176F000513628 /* Build configuration list for PBXNativeTarget "Sort10.4Tests" */ = {
			isa = XCConfigurationList;
			buildConfigurations = (
				1983C0332E9176F000513628 /* Debug */,
				1983C0342E9176F000513628 /* Release */,
			);
			defaultConfigurationIsVisible = 0;
			defaultConfigurationName = Release;
		};
		1983C0352E9176F000513628 /* Build configuration list for PBXNativeTarget "Sort10.4UITests" */ = {
			isa = XCConfigurationList;
			buildConfigurations = (
				1983C0362E9176F000513628 /* Debug */,
				1983C0372E9176F000513628 /* Release */,
			);
			defaultConfigurationIsVisible = 0;
			defaultConfigurationName = Release;
		};
/* End XCConfigurationList section */
	};
	rootObject = 1983C0022E9176EF00513628 /* Project object */;
}
